// !$*UTF8*$!
{
	archiveVersion = 1;
	classes = {
	};
	objectVersion = 46;
	objects = {

/* Begin PBXBuildFile section */
		2E2C9B591C52E779009CF8FE /* AppDelegate.swift in Sources */ = {isa = PBXBuildFile; fileRef = 2E2C9B581C52E779009CF8FE /* AppDelegate.swift */; };
		2E2C9B601C52E779009CF8FE /* Assets.xcassets in Resources */ = {isa = PBXBuildFile; fileRef = 2E2C9B5F1C52E779009CF8FE /* Assets.xcassets */; };
		2E2C9B631C52E779009CF8FE /* LaunchScreen.storyboard in Resources */ = {isa = PBXBuildFile; fileRef = 2E2C9B611C52E779009CF8FE /* LaunchScreen.storyboard */; };
		2E2C9B6E1C52E77A009CF8FE /* UniversityProgramsTests.swift in Sources */ = {isa = PBXBuildFile; fileRef = 2E2C9B6D1C52E77A009CF8FE /* UniversityProgramsTests.swift */; };
		2E2C9B791C52E77A009CF8FE /* UniversityProgramsUITests.swift in Sources */ = {isa = PBXBuildFile; fileRef = 2E2C9B781C52E77A009CF8FE /* UniversityProgramsUITests.swift */; };
		2E2C9B881C52EA46009CF8FE /* EventViewController.swift in Sources */ = {isa = PBXBuildFile; fileRef = 2E2C9B861C52EA46009CF8FE /* EventViewController.swift */; };
		2E2C9B891C52EA46009CF8FE /* EventViewController.xib in Resources */ = {isa = PBXBuildFile; fileRef = 2E2C9B871C52EA46009CF8FE /* EventViewController.xib */; };
		2E2C9B951C5313AD009CF8FE /* EventsTableViewController.swift in Sources */ = {isa = PBXBuildFile; fileRef = 2E2C9B931C5313AD009CF8FE /* EventsTableViewController.swift */; };
		2E2C9B961C5313AD009CF8FE /* EventsTableViewController.xib in Resources */ = {isa = PBXBuildFile; fileRef = 2E2C9B941C5313AD009CF8FE /* EventsTableViewController.xib */; };
		2E2C9B991C5315A8009CF8FE /* AboutTableViewController.swift in Sources */ = {isa = PBXBuildFile; fileRef = 2E2C9B971C5315A8009CF8FE /* AboutTableViewController.swift */; };
		2E2C9B9A1C5315A8009CF8FE /* AboutTableViewController.xib in Resources */ = {isa = PBXBuildFile; fileRef = 2E2C9B981C5315A8009CF8FE /* AboutTableViewController.xib */; };
		2E2C9B9E1C531BBF009CF8FE /* EventTableViewCell.swift in Sources */ = {isa = PBXBuildFile; fileRef = 2E2C9B9C1C531BBF009CF8FE /* EventTableViewCell.swift */; };
		2E2C9B9F1C531BBF009CF8FE /* EventTableViewCell.xib in Resources */ = {isa = PBXBuildFile; fileRef = 2E2C9B9D1C531BBF009CF8FE /* EventTableViewCell.xib */; };
		2E7D994D1C5AAF9F00E91577 /* ProfileTableViewController.swift in Sources */ = {isa = PBXBuildFile; fileRef = 2E7D994B1C5AAF9F00E91577 /* ProfileTableViewController.swift */; };
		2E7D994E1C5AAF9F00E91577 /* ProfileTableViewController.xib in Resources */ = {isa = PBXBuildFile; fileRef = 2E7D994C1C5AAF9F00E91577 /* ProfileTableViewController.xib */; };
		2E7D995C1C5AC6B000E91577 /* EditFieldViewController.swift in Sources */ = {isa = PBXBuildFile; fileRef = 2E7D995A1C5AC6B000E91577 /* EditFieldViewController.swift */; };
		2E7D995D1C5AC6B000E91577 /* EditFieldViewController.xib in Resources */ = {isa = PBXBuildFile; fileRef = 2E7D995B1C5AC6B000E91577 /* EditFieldViewController.xib */; };
		2E853BC21C56D6B60042F46B /* AboutFooterCell.swift in Sources */ = {isa = PBXBuildFile; fileRef = 2E853BC01C56D6B60042F46B /* AboutFooterCell.swift */; };
		2E853BC31C56D6B60042F46B /* AboutFooterCell.xib in Resources */ = {isa = PBXBuildFile; fileRef = 2E853BC11C56D6B60042F46B /* AboutFooterCell.xib */; };
		2E9228011C77A40200DEA0C8 /* SubmitEventTableViewController+ButtonActions.swift in Sources */ = {isa = PBXBuildFile; fileRef = 2E9228001C77A40200DEA0C8 /* SubmitEventTableViewController+ButtonActions.swift */; };
		2E9228031C77A47700DEA0C8 /* AboutFooterCell+ButtonActions.swift in Sources */ = {isa = PBXBuildFile; fileRef = 2E9228021C77A47700DEA0C8 /* AboutFooterCell+ButtonActions.swift */; };
		2E9D87B81C5BF6BA00AA7338 /* ProfileTableViewController+TableView.swift in Sources */ = {isa = PBXBuildFile; fileRef = 2E9D87B71C5BF6BA00AA7338 /* ProfileTableViewController+TableView.swift */; };
		2E9D87BA1C5BF6E000AA7338 /* ProfileTableViewController+EditField.swift in Sources */ = {isa = PBXBuildFile; fileRef = 2E9D87B91C5BF6E000AA7338 /* ProfileTableViewController+EditField.swift */; };
		2E9D87BC1C5BF7C000AA7338 /* AboutTableViewController+TableView.swift in Sources */ = {isa = PBXBuildFile; fileRef = 2E9D87BB1C5BF7C000AA7338 /* AboutTableViewController+TableView.swift */; };
		2E9D87BE1C5BF8D400AA7338 /* EventsTableViewController+TableView.swift in Sources */ = {isa = PBXBuildFile; fileRef = 2E9D87BD1C5BF8D300AA7338 /* EventsTableViewController+TableView.swift */; };
		2E9D87C21C5BFA4900AA7338 /* SubmitEventTableViewController.swift in Sources */ = {isa = PBXBuildFile; fileRef = 2E9D87C01C5BFA4900AA7338 /* SubmitEventTableViewController.swift */; };
		2E9D87C31C5BFA4900AA7338 /* SubmitEventTableViewController.xib in Resources */ = {isa = PBXBuildFile; fileRef = 2E9D87C11C5BFA4900AA7338 /* SubmitEventTableViewController.xib */; };
		2E9D87C61C5BFB2300AA7338 /* SubmitEventTableViewController+TableView.swift in Sources */ = {isa = PBXBuildFile; fileRef = 2E9D87C51C5BFB2300AA7338 /* SubmitEventTableViewController+TableView.swift */; };
		2E9D87C91C5C024300AA7338 /* FieldTableViewCell.swift in Sources */ = {isa = PBXBuildFile; fileRef = 2E9D87C71C5C024300AA7338 /* FieldTableViewCell.swift */; };
		2E9D87CA1C5C024300AA7338 /* FieldTableViewCell.xib in Resources */ = {isa = PBXBuildFile; fileRef = 2E9D87C81C5C024300AA7338 /* FieldTableViewCell.xib */; };
		2E9D87CD1C5C0BCB00AA7338 /* SubmitEventTableViewController+EditField.swift in Sources */ = {isa = PBXBuildFile; fileRef = 2E9D87CC1C5C0BCB00AA7338 /* SubmitEventTableViewController+EditField.swift */; };
		2E9D87CF1C5C14D600AA7338 /* EditFieldViewController+TextView.swift in Sources */ = {isa = PBXBuildFile; fileRef = 2E9D87CE1C5C14D600AA7338 /* EditFieldViewController+TextView.swift */; };
/* End PBXBuildFile section */

/* Begin PBXContainerItemProxy section */
		2E2C9B6A1C52E779009CF8FE /* PBXContainerItemProxy */ = {
			isa = PBXContainerItemProxy;
			containerPortal = 2E2C9B4D1C52E779009CF8FE /* Project object */;
			proxyType = 1;
			remoteGlobalIDString = 2E2C9B541C52E779009CF8FE;
			remoteInfo = UniversityPrograms;
		};
		2E2C9B751C52E77A009CF8FE /* PBXContainerItemProxy */ = {
			isa = PBXContainerItemProxy;
			containerPortal = 2E2C9B4D1C52E779009CF8FE /* Project object */;
			proxyType = 1;
			remoteGlobalIDString = 2E2C9B541C52E779009CF8FE;
			remoteInfo = UniversityPrograms;
		};
/* End PBXContainerItemProxy section */

/* Begin PBXFileReference section */
		2E2C9B551C52E779009CF8FE /* UniversityPrograms.app */ = {isa = PBXFileReference; explicitFileType = wrapper.application; includeInIndex = 0; path = UniversityPrograms.app; sourceTree = BUILT_PRODUCTS_DIR; };
		2E2C9B581C52E779009CF8FE /* AppDelegate.swift */ = {isa = PBXFileReference; lastKnownFileType = sourcecode.swift; path = AppDelegate.swift; sourceTree = "<group>"; };
		2E2C9B5F1C52E779009CF8FE /* Assets.xcassets */ = {isa = PBXFileReference; lastKnownFileType = folder.assetcatalog; path = Assets.xcassets; sourceTree = "<group>"; };
		2E2C9B621C52E779009CF8FE /* Base */ = {isa = PBXFileReference; lastKnownFileType = file.storyboard; name = Base; path = Base.lproj/LaunchScreen.storyboard; sourceTree = "<group>"; };
		2E2C9B641C52E779009CF8FE /* Info.plist */ = {isa = PBXFileReference; lastKnownFileType = text.plist.xml; path = Info.plist; sourceTree = "<group>"; };
		2E2C9B691C52E779009CF8FE /* UniversityProgramsTests.xctest */ = {isa = PBXFileReference; explicitFileType = wrapper.cfbundle; includeInIndex = 0; path = UniversityProgramsTests.xctest; sourceTree = BUILT_PRODUCTS_DIR; };
		2E2C9B6D1C52E77A009CF8FE /* UniversityProgramsTests.swift */ = {isa = PBXFileReference; lastKnownFileType = sourcecode.swift; path = UniversityProgramsTests.swift; sourceTree = "<group>"; };
		2E2C9B6F1C52E77A009CF8FE /* Info.plist */ = {isa = PBXFileReference; lastKnownFileType = text.plist.xml; path = Info.plist; sourceTree = "<group>"; };
		2E2C9B741C52E77A009CF8FE /* UniversityProgramsUITests.xctest */ = {isa = PBXFileReference; explicitFileType = wrapper.cfbundle; includeInIndex = 0; path = UniversityProgramsUITests.xctest; sourceTree = BUILT_PRODUCTS_DIR; };
		2E2C9B781C52E77A009CF8FE /* UniversityProgramsUITests.swift */ = {isa = PBXFileReference; lastKnownFileType = sourcecode.swift; path = UniversityProgramsUITests.swift; sourceTree = "<group>"; };
		2E2C9B7A1C52E77A009CF8FE /* Info.plist */ = {isa = PBXFileReference; lastKnownFileType = text.plist.xml; path = Info.plist; sourceTree = "<group>"; };
		2E2C9B861C52EA46009CF8FE /* EventViewController.swift */ = {isa = PBXFileReference; fileEncoding = 4; lastKnownFileType = sourcecode.swift; path = EventViewController.swift; sourceTree = "<group>"; };
		2E2C9B871C52EA46009CF8FE /* EventViewController.xib */ = {isa = PBXFileReference; fileEncoding = 4; lastKnownFileType = file.xib; path = EventViewController.xib; sourceTree = "<group>"; };
		2E2C9B931C5313AD009CF8FE /* EventsTableViewController.swift */ = {isa = PBXFileReference; fileEncoding = 4; lastKnownFileType = sourcecode.swift; path = EventsTableViewController.swift; sourceTree = "<group>"; };
		2E2C9B941C5313AD009CF8FE /* EventsTableViewController.xib */ = {isa = PBXFileReference; fileEncoding = 4; lastKnownFileType = file.xib; path = EventsTableViewController.xib; sourceTree = "<group>"; };
		2E2C9B971C5315A8009CF8FE /* AboutTableViewController.swift */ = {isa = PBXFileReference; fileEncoding = 4; lastKnownFileType = sourcecode.swift; path = AboutTableViewController.swift; sourceTree = "<group>"; };
		2E2C9B981C5315A8009CF8FE /* AboutTableViewController.xib */ = {isa = PBXFileReference; fileEncoding = 4; lastKnownFileType = file.xib; path = AboutTableViewController.xib; sourceTree = "<group>"; };
		2E2C9B9C1C531BBF009CF8FE /* EventTableViewCell.swift */ = {isa = PBXFileReference; fileEncoding = 4; lastKnownFileType = sourcecode.swift; path = EventTableViewCell.swift; sourceTree = "<group>"; };
		2E2C9B9D1C531BBF009CF8FE /* EventTableViewCell.xib */ = {isa = PBXFileReference; fileEncoding = 4; lastKnownFileType = file.xib; path = EventTableViewCell.xib; sourceTree = "<group>"; };
		2E7D994B1C5AAF9F00E91577 /* ProfileTableViewController.swift */ = {isa = PBXFileReference; fileEncoding = 4; lastKnownFileType = sourcecode.swift; path = ProfileTableViewController.swift; sourceTree = "<group>"; };
		2E7D994C1C5AAF9F00E91577 /* ProfileTableViewController.xib */ = {isa = PBXFileReference; fileEncoding = 4; lastKnownFileType = file.xib; path = ProfileTableViewController.xib; sourceTree = "<group>"; };
		2E7D995A1C5AC6B000E91577 /* EditFieldViewController.swift */ = {isa = PBXFileReference; fileEncoding = 4; lastKnownFileType = sourcecode.swift; path = EditFieldViewController.swift; sourceTree = "<group>"; };
		2E7D995B1C5AC6B000E91577 /* EditFieldViewController.xib */ = {isa = PBXFileReference; fileEncoding = 4; lastKnownFileType = file.xib; path = EditFieldViewController.xib; sourceTree = "<group>"; };
		2E853BC01C56D6B60042F46B /* AboutFooterCell.swift */ = {isa = PBXFileReference; fileEncoding = 4; lastKnownFileType = sourcecode.swift; path = AboutFooterCell.swift; sourceTree = "<group>"; };
		2E853BC11C56D6B60042F46B /* AboutFooterCell.xib */ = {isa = PBXFileReference; fileEncoding = 4; lastKnownFileType = file.xib; path = AboutFooterCell.xib; sourceTree = "<group>"; };
		2E9228001C77A40200DEA0C8 /* SubmitEventTableViewController+ButtonActions.swift */ = {isa = PBXFileReference; fileEncoding = 4; lastKnownFileType = sourcecode.swift; path = "SubmitEventTableViewController+ButtonActions.swift"; sourceTree = "<group>"; };
		2E9228021C77A47700DEA0C8 /* AboutFooterCell+ButtonActions.swift */ = {isa = PBXFileReference; fileEncoding = 4; lastKnownFileType = sourcecode.swift; path = "AboutFooterCell+ButtonActions.swift"; sourceTree = "<group>"; };
		2E9D87B71C5BF6BA00AA7338 /* ProfileTableViewController+TableView.swift */ = {isa = PBXFileReference; fileEncoding = 4; lastKnownFileType = sourcecode.swift; path = "ProfileTableViewController+TableView.swift"; sourceTree = "<group>"; };
		2E9D87B91C5BF6E000AA7338 /* ProfileTableViewController+EditField.swift */ = {isa = PBXFileReference; fileEncoding = 4; lastKnownFileType = sourcecode.swift; path = "ProfileTableViewController+EditField.swift"; sourceTree = "<group>"; };
		2E9D87BB1C5BF7C000AA7338 /* AboutTableViewController+TableView.swift */ = {isa = PBXFileReference; fileEncoding = 4; lastKnownFileType = sourcecode.swift; path = "AboutTableViewController+TableView.swift"; sourceTree = "<group>"; };
		2E9D87BD1C5BF8D300AA7338 /* EventsTableViewController+TableView.swift */ = {isa = PBXFileReference; fileEncoding = 4; lastKnownFileType = sourcecode.swift; path = "EventsTableViewController+TableView.swift"; sourceTree = "<group>"; };
		2E9D87C01C5BFA4900AA7338 /* SubmitEventTableViewController.swift */ = {isa = PBXFileReference; fileEncoding = 4; lastKnownFileType = sourcecode.swift; path = SubmitEventTableViewController.swift; sourceTree = "<group>"; };
		2E9D87C11C5BFA4900AA7338 /* SubmitEventTableViewController.xib */ = {isa = PBXFileReference; fileEncoding = 4; lastKnownFileType = file.xib; path = SubmitEventTableViewController.xib; sourceTree = "<group>"; };
		2E9D87C51C5BFB2300AA7338 /* SubmitEventTableViewController+TableView.swift */ = {isa = PBXFileReference; fileEncoding = 4; lastKnownFileType = sourcecode.swift; path = "SubmitEventTableViewController+TableView.swift"; sourceTree = "<group>"; };
		2E9D87C71C5C024300AA7338 /* FieldTableViewCell.swift */ = {isa = PBXFileReference; fileEncoding = 4; lastKnownFileType = sourcecode.swift; path = FieldTableViewCell.swift; sourceTree = "<group>"; };
		2E9D87C81C5C024300AA7338 /* FieldTableViewCell.xib */ = {isa = PBXFileReference; fileEncoding = 4; lastKnownFileType = file.xib; path = FieldTableViewCell.xib; sourceTree = "<group>"; };
		2E9D87CC1C5C0BCB00AA7338 /* SubmitEventTableViewController+EditField.swift */ = {isa = PBXFileReference; fileEncoding = 4; lastKnownFileType = sourcecode.swift; path = "SubmitEventTableViewController+EditField.swift"; sourceTree = "<group>"; };
		2E9D87CE1C5C14D600AA7338 /* EditFieldViewController+TextView.swift */ = {isa = PBXFileReference; fileEncoding = 4; lastKnownFileType = sourcecode.swift; path = "EditFieldViewController+TextView.swift"; sourceTree = "<group>"; };
/* End PBXFileReference section */

/* Begin PBXFrameworksBuildPhase section */
		2E2C9B521C52E779009CF8FE /* Frameworks */ = {
			isa = PBXFrameworksBuildPhase;
			buildActionMask = 2147483647;
			files = (
			);
			runOnlyForDeploymentPostprocessing = 0;
		};
		2E2C9B661C52E779009CF8FE /* Frameworks */ = {
			isa = PBXFrameworksBuildPhase;
			buildActionMask = 2147483647;
			files = (
			);
			runOnlyForDeploymentPostprocessing = 0;
		};
		2E2C9B711C52E77A009CF8FE /* Frameworks */ = {
			isa = PBXFrameworksBuildPhase;
			buildActionMask = 2147483647;
			files = (
			);
			runOnlyForDeploymentPostprocessing = 0;
		};
/* End PBXFrameworksBuildPhase section */

/* Begin PBXGroup section */
		2E2C9B4C1C52E779009CF8FE = {
			isa = PBXGroup;
			children = (
				2E2C9B571C52E779009CF8FE /* UniversityPrograms */,
				2E2C9B6C1C52E779009CF8FE /* UniversityProgramsTests */,
				2E2C9B771C52E77A009CF8FE /* UniversityProgramsUITests */,
				2E2C9B561C52E779009CF8FE /* Products */,
			);
			sourceTree = "<group>";
		};
		2E2C9B561C52E779009CF8FE /* Products */ = {
			isa = PBXGroup;
			children = (
				2E2C9B551C52E779009CF8FE /* UniversityPrograms.app */,
				2E2C9B691C52E779009CF8FE /* UniversityProgramsTests.xctest */,
				2E2C9B741C52E77A009CF8FE /* UniversityProgramsUITests.xctest */,
			);
			name = Products;
			sourceTree = "<group>";
		};
		2E2C9B571C52E779009CF8FE /* UniversityPrograms */ = {
			isa = PBXGroup;
			children = (
				2E2C9B581C52E779009CF8FE /* AppDelegate.swift */,
				2E9D87BF1C5BF98000AA7338 /* libs */,
				2E2C9B9B1C531BA0009CF8FE /* Views */,
				2E2C9B8A1C52EA4B009CF8FE /* Controllers */,
				2E2C9B5F1C52E779009CF8FE /* Assets.xcassets */,
				2E2C9B611C52E779009CF8FE /* LaunchScreen.storyboard */,
				2E2C9B641C52E779009CF8FE /* Info.plist */,
			);
			path = UniversityPrograms;
			sourceTree = "<group>";
		};
		2E2C9B6C1C52E779009CF8FE /* UniversityProgramsTests */ = {
			isa = PBXGroup;
			children = (
				2E2C9B6D1C52E77A009CF8FE /* UniversityProgramsTests.swift */,
				2E2C9B6F1C52E77A009CF8FE /* Info.plist */,
			);
			path = UniversityProgramsTests;
			sourceTree = "<group>";
		};
		2E2C9B771C52E77A009CF8FE /* UniversityProgramsUITests */ = {
			isa = PBXGroup;
			children = (
				2E2C9B781C52E77A009CF8FE /* UniversityProgramsUITests.swift */,
				2E2C9B7A1C52E77A009CF8FE /* Info.plist */,
			);
			path = UniversityProgramsUITests;
			sourceTree = "<group>";
		};
		2E2C9B8A1C52EA4B009CF8FE /* Controllers */ = {
			isa = PBXGroup;
			children = (
				2E7D99551C5AC42800E91577 /* Edit Field */,
				2E975F591C580BD600F99958 /* Events */,
				2E9D87C41C5BFA4F00AA7338 /* Submit Event */,
				2E975F5C1C580C1300F99958 /* About */,
				2E975F5D1C580C1B00F99958 /* Profile */,
			);
			name = Controllers;
			sourceTree = "<group>";
		};
		2E2C9B9B1C531BA0009CF8FE /* Views */ = {
			isa = PBXGroup;
			children = (
				2E853BC41C56D77E0042F46B /* TableView */,
			);
			name = Views;
			sourceTree = "<group>";
		};
		2E7D99541C5AC41A00E91577 /* Profile TableView */ = {
			isa = PBXGroup;
			children = (
				2E7D994B1C5AAF9F00E91577 /* ProfileTableViewController.swift */,
				2E9D87B71C5BF6BA00AA7338 /* ProfileTableViewController+TableView.swift */,
				2E9D87B91C5BF6E000AA7338 /* ProfileTableViewController+EditField.swift */,
				2E7D994C1C5AAF9F00E91577 /* ProfileTableViewController.xib */,
			);
			name = "Profile TableView";
			sourceTree = "<group>";
		};
		2E7D99551C5AC42800E91577 /* Edit Field */ = {
			isa = PBXGroup;
			children = (
				2E7D995A1C5AC6B000E91577 /* EditFieldViewController.swift */,
				2E9D87CE1C5C14D600AA7338 /* EditFieldViewController+TextView.swift */,
				2E7D995B1C5AC6B000E91577 /* EditFieldViewController.xib */,
			);
			name = "Edit Field";
			sourceTree = "<group>";
		};
		2E853BB41C56D4730042F46B /* Event */ = {
			isa = PBXGroup;
			children = (
				2E2C9B9C1C531BBF009CF8FE /* EventTableViewCell.swift */,
				2E2C9B9D1C531BBF009CF8FE /* EventTableViewCell.xib */,
			);
			name = Event;
			sourceTree = "<group>";
		};
		2E853BB71C56D4C20042F46B /* About Footer */ = {
			isa = PBXGroup;
			children = (
				2E853BC01C56D6B60042F46B /* AboutFooterCell.swift */,
				2E9228021C77A47700DEA0C8 /* AboutFooterCell+ButtonActions.swift */,
				2E853BC11C56D6B60042F46B /* AboutFooterCell.xib */,
			);
			name = "About Footer";
			sourceTree = "<group>";
		};
		2E853BC41C56D77E0042F46B /* TableView */ = {
			isa = PBXGroup;
			children = (
				2E853BB71C56D4C20042F46B /* About Footer */,
				2E853BB41C56D4730042F46B /* Event */,
				2E9D87CB1C5C02F200AA7338 /* Field */,
			);
			name = TableView;
			sourceTree = "<group>";
		};
		2E975F591C580BD600F99958 /* Events */ = {
			isa = PBXGroup;
			children = (
				2E975F5A1C580BE200F99958 /* Events TableView */,
				2E975F5B1C580BFA00F99958 /* Event */,
			);
			name = Events;
			sourceTree = "<group>";
		};
		2E975F5A1C580BE200F99958 /* Events TableView */ = {
			isa = PBXGroup;
			children = (
				2E2C9B931C5313AD009CF8FE /* EventsTableViewController.swift */,
				2E9D87BD1C5BF8D300AA7338 /* EventsTableViewController+TableView.swift */,
				2E2C9B941C5313AD009CF8FE /* EventsTableViewController.xib */,
			);
			name = "Events TableView";
			sourceTree = "<group>";
		};
		2E975F5B1C580BFA00F99958 /* Event */ = {
			isa = PBXGroup;
			children = (
				2E2C9B861C52EA46009CF8FE /* EventViewController.swift */,
				2E2C9B871C52EA46009CF8FE /* EventViewController.xib */,
			);
			name = Event;
			sourceTree = "<group>";
		};
		2E975F5C1C580C1300F99958 /* About */ = {
			isa = PBXGroup;
			children = (
				2E2C9B971C5315A8009CF8FE /* AboutTableViewController.swift */,
				2E9D87BB1C5BF7C000AA7338 /* AboutTableViewController+TableView.swift */,
				2E2C9B981C5315A8009CF8FE /* AboutTableViewController.xib */,
			);
			name = About;
			sourceTree = "<group>";
		};
		2E975F5D1C580C1B00F99958 /* Profile */ = {
			isa = PBXGroup;
			children = (
				2E7D99541C5AC41A00E91577 /* Profile TableView */,
			);
			name = Profile;
			sourceTree = "<group>";
		};
		2E9D87BF1C5BF98000AA7338 /* libs */ = {
			isa = PBXGroup;
			children = (
			);
			name = libs;
			sourceTree = "<group>";
		};
		2E9D87C41C5BFA4F00AA7338 /* Submit Event */ = {
			isa = PBXGroup;
			children = (
				2E9D87C01C5BFA4900AA7338 /* SubmitEventTableViewController.swift */,
				2E9228001C77A40200DEA0C8 /* SubmitEventTableViewController+ButtonActions.swift */,
				2E9D87CC1C5C0BCB00AA7338 /* SubmitEventTableViewController+EditField.swift */,
				2E9D87C51C5BFB2300AA7338 /* SubmitEventTableViewController+TableView.swift */,
				2E9D87C11C5BFA4900AA7338 /* SubmitEventTableViewController.xib */,
			);
			name = "Submit Event";
			sourceTree = "<group>";
		};
		2E9D87CB1C5C02F200AA7338 /* Field */ = {
			isa = PBXGroup;
			children = (
				2E9D87C71C5C024300AA7338 /* FieldTableViewCell.swift */,
				2E9D87C81C5C024300AA7338 /* FieldTableViewCell.xib */,
			);
			name = Field;
			sourceTree = "<group>";
		};
/* End PBXGroup section */

/* Begin PBXNativeTarget section */
		2E2C9B541C52E779009CF8FE /* UniversityPrograms */ = {
			isa = PBXNativeTarget;
			buildConfigurationList = 2E2C9B7D1C52E77A009CF8FE /* Build configuration list for PBXNativeTarget "UniversityPrograms" */;
			buildPhases = (
				2E2C9B511C52E779009CF8FE /* Sources */,
				2E2C9B521C52E779009CF8FE /* Frameworks */,
				2E2C9B531C52E779009CF8FE /* Resources */,
			);
			buildRules = (
			);
			dependencies = (
			);
			name = UniversityPrograms;
			productName = UniversityPrograms;
			productReference = 2E2C9B551C52E779009CF8FE /* UniversityPrograms.app */;
			productType = "com.apple.product-type.application";
		};
		2E2C9B681C52E779009CF8FE /* UniversityProgramsTests */ = {
			isa = PBXNativeTarget;
			buildConfigurationList = 2E2C9B801C52E77A009CF8FE /* Build configuration list for PBXNativeTarget "UniversityProgramsTests" */;
			buildPhases = (
				2E2C9B651C52E779009CF8FE /* Sources */,
				2E2C9B661C52E779009CF8FE /* Frameworks */,
				2E2C9B671C52E779009CF8FE /* Resources */,
			);
			buildRules = (
			);
			dependencies = (
				2E2C9B6B1C52E779009CF8FE /* PBXTargetDependency */,
			);
			name = UniversityProgramsTests;
			productName = UniversityProgramsTests;
			productReference = 2E2C9B691C52E779009CF8FE /* UniversityProgramsTests.xctest */;
			productType = "com.apple.product-type.bundle.unit-test";
		};
		2E2C9B731C52E77A009CF8FE /* UniversityProgramsUITests */ = {
			isa = PBXNativeTarget;
			buildConfigurationList = 2E2C9B831C52E77A009CF8FE /* Build configuration list for PBXNativeTarget "UniversityProgramsUITests" */;
			buildPhases = (
				2E2C9B701C52E77A009CF8FE /* Sources */,
				2E2C9B711C52E77A009CF8FE /* Frameworks */,
				2E2C9B721C52E77A009CF8FE /* Resources */,
			);
			buildRules = (
			);
			dependencies = (
				2E2C9B761C52E77A009CF8FE /* PBXTargetDependency */,
			);
			name = UniversityProgramsUITests;
			productName = UniversityProgramsUITests;
			productReference = 2E2C9B741C52E77A009CF8FE /* UniversityProgramsUITests.xctest */;
			productType = "com.apple.product-type.bundle.ui-testing";
		};
/* End PBXNativeTarget section */

/* Begin PBXProject section */
		2E2C9B4D1C52E779009CF8FE /* Project object */ = {
			isa = PBXProject;
			attributes = {
				LastSwiftUpdateCheck = 0720;
				LastUpgradeCheck = 0720;
				ORGANIZATIONNAME = "Greyson Wright";
				TargetAttributes = {
					2E2C9B541C52E779009CF8FE = {
						CreatedOnToolsVersion = 7.2;
					};
					2E2C9B681C52E779009CF8FE = {
						CreatedOnToolsVersion = 7.2;
						TestTargetID = 2E2C9B541C52E779009CF8FE;
					};
					2E2C9B731C52E77A009CF8FE = {
						CreatedOnToolsVersion = 7.2;
						TestTargetID = 2E2C9B541C52E779009CF8FE;
					};
				};
			};
			buildConfigurationList = 2E2C9B501C52E779009CF8FE /* Build configuration list for PBXProject "UniversityPrograms" */;
			compatibilityVersion = "Xcode 3.2";
			developmentRegion = English;
			hasScannedForEncodings = 0;
			knownRegions = (
				en,
				Base,
			);
			mainGroup = 2E2C9B4C1C52E779009CF8FE;
			productRefGroup = 2E2C9B561C52E779009CF8FE /* Products */;
			projectDirPath = "";
			projectRoot = "";
			targets = (
				2E2C9B541C52E779009CF8FE /* UniversityPrograms */,
				2E2C9B681C52E779009CF8FE /* UniversityProgramsTests */,
				2E2C9B731C52E77A009CF8FE /* UniversityProgramsUITests */,
			);
		};
/* End PBXProject section */

/* Begin PBXResourcesBuildPhase section */
		2E2C9B531C52E779009CF8FE /* Resources */ = {
			isa = PBXResourcesBuildPhase;
			buildActionMask = 2147483647;
			files = (
				2E2C9B631C52E779009CF8FE /* LaunchScreen.storyboard in Resources */,
				2E2C9B891C52EA46009CF8FE /* EventViewController.xib in Resources */,
				2E9D87CA1C5C024300AA7338 /* FieldTableViewCell.xib in Resources */,
				2E2C9B961C5313AD009CF8FE /* EventsTableViewController.xib in Resources */,
				2E7D995D1C5AC6B000E91577 /* EditFieldViewController.xib in Resources */,
				2E2C9B9A1C5315A8009CF8FE /* AboutTableViewController.xib in Resources */,
				2E9D87C31C5BFA4900AA7338 /* SubmitEventTableViewController.xib in Resources */,
				2E2C9B601C52E779009CF8FE /* Assets.xcassets in Resources */,
				2E853BC31C56D6B60042F46B /* AboutFooterCell.xib in Resources */,
				2E2C9B9F1C531BBF009CF8FE /* EventTableViewCell.xib in Resources */,
				2E7D994E1C5AAF9F00E91577 /* ProfileTableViewController.xib in Resources */,
			);
			runOnlyForDeploymentPostprocessing = 0;
		};
		2E2C9B671C52E779009CF8FE /* Resources */ = {
			isa = PBXResourcesBuildPhase;
			buildActionMask = 2147483647;
			files = (
			);
			runOnlyForDeploymentPostprocessing = 0;
		};
		2E2C9B721C52E77A009CF8FE /* Resources */ = {
			isa = PBXResourcesBuildPhase;
			buildActionMask = 2147483647;
			files = (
			);
			runOnlyForDeploymentPostprocessing = 0;
		};
/* End PBXResourcesBuildPhase section */

/* Begin PBXSourcesBuildPhase section */
		2E2C9B511C52E779009CF8FE /* Sources */ = {
			isa = PBXSourcesBuildPhase;
			buildActionMask = 2147483647;
			files = (
				2E9D87BA1C5BF6E000AA7338 /* ProfileTableViewController+EditField.swift in Sources */,
				2E2C9B9E1C531BBF009CF8FE /* EventTableViewCell.swift in Sources */,
				2E9D87BE1C5BF8D400AA7338 /* EventsTableViewController+TableView.swift in Sources */,
				2E2C9B591C52E779009CF8FE /* AppDelegate.swift in Sources */,
				2E9228011C77A40200DEA0C8 /* SubmitEventTableViewController+ButtonActions.swift in Sources */,
				2E2C9B991C5315A8009CF8FE /* AboutTableViewController.swift in Sources */,
				2E853BC21C56D6B60042F46B /* AboutFooterCell.swift in Sources */,
				2E7D995C1C5AC6B000E91577 /* EditFieldViewController.swift in Sources */,
				2E9D87C21C5BFA4900AA7338 /* SubmitEventTableViewController.swift in Sources */,
				2E9D87BC1C5BF7C000AA7338 /* AboutTableViewController+TableView.swift in Sources */,
				2E9D87C91C5C024300AA7338 /* FieldTableViewCell.swift in Sources */,
				2E7D994D1C5AAF9F00E91577 /* ProfileTableViewController.swift in Sources */,
				2E9D87CD1C5C0BCB00AA7338 /* SubmitEventTableViewController+EditField.swift in Sources */,
				2E9D87CF1C5C14D600AA7338 /* EditFieldViewController+TextView.swift in Sources */,
				2E9D87B81C5BF6BA00AA7338 /* ProfileTableViewController+TableView.swift in Sources */,
				2E9D87C61C5BFB2300AA7338 /* SubmitEventTableViewController+TableView.swift in Sources */,
				2E2C9B951C5313AD009CF8FE /* EventsTableViewController.swift in Sources */,
				2E2C9B881C52EA46009CF8FE /* EventViewController.swift in Sources */,
				2E9228031C77A47700DEA0C8 /* AboutFooterCell+ButtonActions.swift in Sources */,
			);
			runOnlyForDeploymentPostprocessing = 0;
		};
		2E2C9B651C52E779009CF8FE /* Sources */ = {
			isa = PBXSourcesBuildPhase;
			buildActionMask = 2147483647;
			files = (
				2E2C9B6E1C52E77A009CF8FE /* UniversityProgramsTests.swift in Sources */,
			);
			runOnlyForDeploymentPostprocessing = 0;
		};
		2E2C9B701C52E77A009CF8FE /* Sources */ = {
			isa = PBXSourcesBuildPhase;
			buildActionMask = 2147483647;
			files = (
				2E2C9B791C52E77A009CF8FE /* UniversityProgramsUITests.swift in Sources */,
			);
			runOnlyForDeploymentPostprocessing = 0;
		};
/* End PBXSourcesBuildPhase section */

/* Begin PBXTargetDependency section */
		2E2C9B6B1C52E779009CF8FE /* PBXTargetDependency */ = {
			isa = PBXTargetDependency;
			target = 2E2C9B541C52E779009CF8FE /* UniversityPrograms */;
			targetProxy = 2E2C9B6A1C52E779009CF8FE /* PBXContainerItemProxy */;
		};
		2E2C9B761C52E77A009CF8FE /* PBXTargetDependency */ = {
			isa = PBXTargetDependency;
			target = 2E2C9B541C52E779009CF8FE /* UniversityPrograms */;
			targetProxy = 2E2C9B751C52E77A009CF8FE /* PBXContainerItemProxy */;
		};
/* End PBXTargetDependency section */

/* Begin PBXVariantGroup section */
		2E2C9B611C52E779009CF8FE /* LaunchScreen.storyboard */ = {
			isa = PBXVariantGroup;
			children = (
				2E2C9B621C52E779009CF8FE /* Base */,
			);
			name = LaunchScreen.storyboard;
			sourceTree = "<group>";
		};
/* End PBXVariantGroup section */

/* Begin XCBuildConfiguration section */
		2E2C9B7B1C52E77A009CF8FE /* Debug */ = {
			isa = XCBuildConfiguration;
			buildSettings = {
				ALWAYS_SEARCH_USER_PATHS = NO;
				CLANG_CXX_LANGUAGE_STANDARD = "gnu++0x";
				CLANG_CXX_LIBRARY = "libc++";
				CLANG_ENABLE_MODULES = YES;
				CLANG_ENABLE_OBJC_ARC = YES;
				CLANG_WARN_BOOL_CONVERSION = YES;
				CLANG_WARN_CONSTANT_CONVERSION = YES;
				CLANG_WARN_DIRECT_OBJC_ISA_USAGE = YES_ERROR;
				CLANG_WARN_EMPTY_BODY = YES;
				CLANG_WARN_ENUM_CONVERSION = YES;
				CLANG_WARN_INT_CONVERSION = YES;
				CLANG_WARN_OBJC_ROOT_CLASS = YES_ERROR;
				CLANG_WARN_UNREACHABLE_CODE = YES;
				CLANG_WARN__DUPLICATE_METHOD_MATCH = YES;
				"CODE_SIGN_IDENTITY[sdk=iphoneos*]" = "iPhone Developer";
				COPY_PHASE_STRIP = NO;
				DEBUG_INFORMATION_FORMAT = dwarf;
				ENABLE_STRICT_OBJC_MSGSEND = YES;
				ENABLE_TESTABILITY = YES;
				GCC_C_LANGUAGE_STANDARD = gnu99;
				GCC_DYNAMIC_NO_PIC = NO;
				GCC_NO_COMMON_BLOCKS = YES;
				GCC_OPTIMIZATION_LEVEL = 0;
				GCC_PREPROCESSOR_DEFINITIONS = (
					"DEBUG=1",
					"$(inherited)",
				);
				GCC_WARN_64_TO_32_BIT_CONVERSION = YES;
				GCC_WARN_ABOUT_RETURN_TYPE = YES_ERROR;
				GCC_WARN_UNDECLARED_SELECTOR = YES;
				GCC_WARN_UNINITIALIZED_AUTOS = YES_AGGRESSIVE;
				GCC_WARN_UNUSED_FUNCTION = YES;
				GCC_WARN_UNUSED_VARIABLE = YES;
				IPHONEOS_DEPLOYMENT_TARGET = 9.2;
				MTL_ENABLE_DEBUG_INFO = YES;
				ONLY_ACTIVE_ARCH = YES;
				SDKROOT = iphoneos;
				SWIFT_OPTIMIZATION_LEVEL = "-Onone";
				TARGETED_DEVICE_FAMILY = "1,2";
			};
			name = Debug;
		};
		2E2C9B7C1C52E77A009CF8FE /* Release */ = {
			isa = XCBuildConfiguration;
			buildSettings = {
				ALWAYS_SEARCH_USER_PATHS = NO;
				CLANG_CXX_LANGUAGE_STANDARD = "gnu++0x";
				CLANG_CXX_LIBRARY = "libc++";
				CLANG_ENABLE_MODULES = YES;
				CLANG_ENABLE_OBJC_ARC = YES;
				CLANG_WARN_BOOL_CONVERSION = YES;
				CLANG_WARN_CONSTANT_CONVERSION = YES;
				CLANG_WARN_DIRECT_OBJC_ISA_USAGE = YES_ERROR;
				CLANG_WARN_EMPTY_BODY = YES;
				CLANG_WARN_ENUM_CONVERSION = YES;
				CLANG_WARN_INT_CONVERSION = YES;
				CLANG_WARN_OBJC_ROOT_CLASS = YES_ERROR;
				CLANG_WARN_UNREACHABLE_CODE = YES;
				CLANG_WARN__DUPLICATE_METHOD_MATCH = YES;
				"CODE_SIGN_IDENTITY[sdk=iphoneos*]" = "iPhone Developer";
				COPY_PHASE_STRIP = NO;
				DEBUG_INFORMATION_FORMAT = "dwarf-with-dsym";
				ENABLE_NS_ASSERTIONS = NO;
				ENABLE_STRICT_OBJC_MSGSEND = YES;
				GCC_C_LANGUAGE_STANDARD = gnu99;
				GCC_NO_COMMON_BLOCKS = YES;
				GCC_WARN_64_TO_32_BIT_CONVERSION = YES;
				GCC_WARN_ABOUT_RETURN_TYPE = YES_ERROR;
				GCC_WARN_UNDECLARED_SELECTOR = YES;
				GCC_WARN_UNINITIALIZED_AUTOS = YES_AGGRESSIVE;
				GCC_WARN_UNUSED_FUNCTION = YES;
				GCC_WARN_UNUSED_VARIABLE = YES;
				IPHONEOS_DEPLOYMENT_TARGET = 9.2;
				MTL_ENABLE_DEBUG_INFO = NO;
				SDKROOT = iphoneos;
				TARGETED_DEVICE_FAMILY = "1,2";
				VALIDATE_PRODUCT = YES;
			};
			name = Release;
		};
		2E2C9B7E1C52E77A009CF8FE /* Debug */ = {
			isa = XCBuildConfiguration;
			buildSettings = {
				ASSETCATALOG_COMPILER_APPICON_NAME = AppIcon;
				CLANG_ENABLE_MODULES = YES;
				INFOPLIST_FILE = UniversityPrograms/Info.plist;
				IPHONEOS_DEPLOYMENT_TARGET = 8.0;
				LD_RUNPATH_SEARCH_PATHS = "$(inherited) @executable_path/Frameworks";
				PRODUCT_BUNDLE_IDENTIFIER = com.uacube.UniversityPrograms;
				PRODUCT_NAME = "$(TARGET_NAME)";
				SWIFT_OBJC_BRIDGING_HEADER = "";
				SWIFT_OPTIMIZATION_LEVEL = "-Onone";
			};
			name = Debug;
		};
		2E2C9B7F1C52E77A009CF8FE /* Release */ = {
			isa = XCBuildConfiguration;
			buildSettings = {
				ASSETCATALOG_COMPILER_APPICON_NAME = AppIcon;
				CLANG_ENABLE_MODULES = YES;
				INFOPLIST_FILE = UniversityPrograms/Info.plist;
				IPHONEOS_DEPLOYMENT_TARGET = 8.0;
				LD_RUNPATH_SEARCH_PATHS = "$(inherited) @executable_path/Frameworks";
				PRODUCT_BUNDLE_IDENTIFIER = com.uacube.UniversityPrograms;
				PRODUCT_NAME = "$(TARGET_NAME)";
				SWIFT_OBJC_BRIDGING_HEADER = "";
			};
			name = Release;
		};
		2E2C9B811C52E77A009CF8FE /* Debug */ = {
			isa = XCBuildConfiguration;
			buildSettings = {
				BUNDLE_LOADER = "$(TEST_HOST)";
				INFOPLIST_FILE = UniversityProgramsTests/Info.plist;
				LD_RUNPATH_SEARCH_PATHS = "$(inherited) @executable_path/Frameworks @loader_path/Frameworks";
				PRODUCT_BUNDLE_IDENTIFIER = com.uacube.UniversityProgramsTests;
				PRODUCT_NAME = "$(TARGET_NAME)";
				TEST_HOST = "$(BUILT_PRODUCTS_DIR)/UniversityPrograms.app/UniversityPrograms";
			};
			name = Debug;
		};
		2E2C9B821C52E77A009CF8FE /* Release */ = {
			isa = XCBuildConfiguration;
			buildSettings = {
				BUNDLE_LOADER = "$(TEST_HOST)";
				INFOPLIST_FILE = UniversityProgramsTests/Info.plist;
				LD_RUNPATH_SEARCH_PATHS = "$(inherited) @executable_path/Frameworks @loader_path/Frameworks";
				PRODUCT_BUNDLE_IDENTIFIER = com.uacube.UniversityProgramsTests;
				PRODUCT_NAME = "$(TARGET_NAME)";
				TEST_HOST = "$(BUILT_PRODUCTS_DIR)/UniversityPrograms.app/UniversityPrograms";
			};
			name = Release;
		};
		2E2C9B841C52E77A009CF8FE /* Debug */ = {
			isa = XCBuildConfiguration;
			buildSettings = {
				INFOPLIST_FILE = UniversityProgramsUITests/Info.plist;
				LD_RUNPATH_SEARCH_PATHS = "$(inherited) @executable_path/Frameworks @loader_path/Frameworks";
				PRODUCT_BUNDLE_IDENTIFIER = com.uacube.UniversityProgramsUITests;
				PRODUCT_NAME = "$(TARGET_NAME)";
				TEST_TARGET_NAME = UniversityPrograms;
				USES_XCTRUNNER = YES;
			};
			name = Debug;
		};
		2E2C9B851C52E77A009CF8FE /* Release */ = {
			isa = XCBuildConfiguration;
			buildSettings = {
				INFOPLIST_FILE = UniversityProgramsUITests/Info.plist;
				LD_RUNPATH_SEARCH_PATHS = "$(inherited) @executable_path/Frameworks @loader_path/Frameworks";
				PRODUCT_BUNDLE_IDENTIFIER = com.uacube.UniversityProgramsUITests;
				PRODUCT_NAME = "$(TARGET_NAME)";
				TEST_TARGET_NAME = UniversityPrograms;
				USES_XCTRUNNER = YES;
			};
			name = Release;
		};
/* End XCBuildConfiguration section */

/* Begin XCConfigurationList section */
		2E2C9B501C52E779009CF8FE /* Build configuration list for PBXProject "UniversityPrograms" */ = {
			isa = XCConfigurationList;
			buildConfigurations = (
				2E2C9B7B1C52E77A009CF8FE /* Debug */,
				2E2C9B7C1C52E77A009CF8FE /* Release */,
			);
			defaultConfigurationIsVisible = 0;
			defaultConfigurationName = Release;
		};
		2E2C9B7D1C52E77A009CF8FE /* Build configuration list for PBXNativeTarget "UniversityPrograms" */ = {
			isa = XCConfigurationList;
			buildConfigurations = (
				2E2C9B7E1C52E77A009CF8FE /* Debug */,
				2E2C9B7F1C52E77A009CF8FE /* Release */,
			);
			defaultConfigurationIsVisible = 0;
			defaultConfigurationName = Release;
		};
		2E2C9B801C52E77A009CF8FE /* Build configuration list for PBXNativeTarget "UniversityProgramsTests" */ = {
			isa = XCConfigurationList;
			buildConfigurations = (
				2E2C9B811C52E77A009CF8FE /* Debug */,
				2E2C9B821C52E77A009CF8FE /* Release */,
			);
			defaultConfigurationIsVisible = 0;
			defaultConfigurationName = Release;
		};
		2E2C9B831C52E77A009CF8FE /* Build configuration list for PBXNativeTarget "UniversityProgramsUITests" */ = {
			isa = XCConfigurationList;
			buildConfigurations = (
				2E2C9B841C52E77A009CF8FE /* Debug */,
				2E2C9B851C52E77A009CF8FE /* Release */,
			);
			defaultConfigurationIsVisible = 0;
			defaultConfigurationName = Release;
		};
/* End XCConfigurationList section */
	};
	rootObject = 2E2C9B4D1C52E779009CF8FE /* Project object */;
}
